
Microsoft Visual Studio Solution File, Format Version 12.00
# Visual Studio Version 17
VisualStudioVersion = 17.13.35931.197 d17.13
MinimumVisualStudioVersion = 10.0.40219.1
Project("{2150E333-8FDC-42A3-9474-1A3956D46DE8}") = "Services", "Services", "{02EA681E-C7D8-13C7-8484-4AC65E1B71E8}"
EndProject
Project("{2150E333-8FDC-42A3-9474-1A3956D46DE8}") = "Catalog", "Catalog", "{70E774E2-5851-4C2A-9D8A-953444A33DC8}"
EndProject
Project("{FAE04EC0-301F-11D3-BF4B-00C04F79EFBC}") = "M.Shop.Catalog", "Services\Catalog\M.Shop.Catalog\M.Shop.Catalog.csproj", "{1A79B559-5337-429B-93CD-165AC8257D16}"
EndProject
Global
	GlobalSection(SolutionConfigurationPlatforms) = preSolution
		Debug|Any CPU = Debug|Any CPU
		Release|Any CPU = Release|Any CPU
	EndGlobalSection
	GlobalSection(ProjectConfigurationPlatforms) = postSolution
		{1A79B559-5337-429B-93CD-165AC8257D16}.Debug|Any CPU.ActiveCfg = Debug|Any CPU
		{1A79B559-5337-429B-93CD-165AC8257D16}.Debug|Any CPU.Build.0 = Debug|Any CPU
		{1A79B559-5337-429B-93CD-165AC8257D16}.Release|Any CPU.ActiveCfg = Release|Any CPU
		{1A79B559-5337-429B-93CD-165AC8257D16}.Release|Any CPU.Build.0 = Release|Any CPU
	EndGlobalSection
	GlobalSection(SolutionProperties) = preSolution
		HideSolutionNode = FALSE
	EndGlobalSection
	GlobalSection(NestedProjects) = preSolution
		{70E774E2-5851-4C2A-9D8A-953444A33DC8} = {02EA681E-C7D8-13C7-8484-4AC65E1B71E8}
		{1A79B559-5337-429B-93CD-165AC8257D16} = {70E774E2-5851-4C2A-9D8A-953444A33DC8}
	EndGlobalSection
	GlobalSection(ExtensibilityGlobals) = postSolution
		SolutionGuid = {1078374D-C5B2-4B0A-98ED-3280EB55802C}
	EndGlobalSection
EndGlobal
