
Microsoft Visual Studio Solution File, Format Version 12.00
# Visual Studio Version 17
VisualStudioVersion = 17.13.35931.197
MinimumVisualStudioVersion = 10.0.40219.1
Project("{2150E333-8FDC-42A3-9474-1A3956D46DE8}") = "Services", "Services", "{02EA681E-C7D8-13C7-8484-4AC65E1B71E8}"
EndProject
Project("{2150E333-8FDC-42A3-9474-1A3956D46DE8}") = "Catalog", "Catalog", "{70E774E2-5851-4C2A-9D8A-953444A33DC8}"
EndProject
Project("{FAE04EC0-301F-11D3-BF4B-00C04F79EFBC}") = "M.Shop.Catalog", "Services\Catalog\M.Shop.Catalog\M.Shop.Catalog.csproj", "{1A79B559-5337-429B-93CD-165AC8257D16}"
EndProject
Project("{2150E333-8FDC-42A3-9474-1A3956D46DE8}") = "Discount", "Discount", "{4E2720B3-1887-4A30-8844-6F17A1972861}"
EndProject
Project("{FAE04EC0-301F-11D3-BF4B-00C04F79EFBC}") = "M.Shop.Discount", "Services\Discount\M.Shop.Discount\M.Shop.Discount.csproj", "{EA28FAC7-FA68-482E-92C7-664E24352E5E}"
EndProject
Project("{2150E333-8FDC-42A3-9474-1A3956D46DE8}") = "Order", "Order", "{3FA12D67-B772-4718-80D5-9F0AC4F1CA50}"
EndProject
Project("{2150E333-8FDC-42A3-9474-1A3956D46DE8}") = "Core", "Core", "{C184229D-5540-47CC-9FF7-655A7F80E5B7}"
EndProject
Project("{2150E333-8FDC-42A3-9474-1A3956D46DE8}") = "Infrastructure", "Infrastructure", "{C7896D9D-580E-424F-9894-FC0EEE9AA739}"
EndProject
Project("{2150E333-8FDC-42A3-9474-1A3956D46DE8}") = "Presentation", "Presentation", "{D9E77D23-F432-4BA0-B133-5DD39C960B1B}"
EndProject
Project("{FAE04EC0-301F-11D3-BF4B-00C04F79EFBC}") = "Domain", "Services\Order\Core\Domain\Domain.csproj", "{D65567BF-0E65-4A40-95CD-F1A3B83218E7}"
EndProject
Project("{FAE04EC0-301F-11D3-BF4B-00C04F79EFBC}") = "Application", "Services\Order\Core\Application\Application.csproj", "{1A1FCA6B-51AF-4F0C-9ADC-EB64ECA7E526}"
EndProject
Project("{FAE04EC0-301F-11D3-BF4B-00C04F79EFBC}") = "Persistance", "Services\Order\Infrastructure\Persistance\Persistance.csproj", "{4B0033E6-938B-4403-AEB0-0F5CFC1137A8}"
EndProject
Project("{FAE04EC0-301F-11D3-BF4B-00C04F79EFBC}") = "Order.WebApi", "Services\Order\Presentation\Order.WebApi\Order.WebApi.csproj", "{32F870AF-BEF4-4B46-B248-FCCD34A3E724}"
EndProject
Project("{2150E333-8FDC-42A3-9474-1A3956D46DE8}") = "IdentityServer", "IdentityServer", "{1E274B2A-302B-464C-B462-EDA3C766273A}"
EndProject
Project("{FAE04EC0-301F-11D3-BF4B-00C04F79EFBC}") = "MShopIdentityServer", "IdentityServer\MShopIdentityServer\MShopIdentityServer.csproj", "{CB3B1932-3304-0171-D62B-A7E7247BC412}"
EndProject
Project("{2150E333-8FDC-42A3-9474-1A3956D46DE8}") = "Requirements", "Requirements", "{91088E85-0C0B-49E3-ACF5-0F90564F0132}"
	ProjectSection(SolutionItems) = preProject
		Txt.txt = Txt.txt
	EndProjectSection
EndProject
Project("{2150E333-8FDC-42A3-9474-1A3956D46DE8}") = "Cargo", "Cargo", "{ACA85718-B4A3-483E-8EE0-F6DB031E8D03}"
EndProject
Project("{FAE04EC0-301F-11D3-BF4B-00C04F79EFBC}") = "Cargo.EntityLayer", "Services\Cargo\Cargo.EntityLayer\Cargo.EntityLayer.csproj", "{0CF689B3-C20C-44B8-AAE1-C66D7C9378A0}"
EndProject
Project("{FAE04EC0-301F-11D3-BF4B-00C04F79EFBC}") = "Cargo.BusinessLayer", "Services\Cargo\Cargo.BusinessLayer\Cargo.BusinessLayer.csproj", "{0824165B-534B-4EAF-A961-2D6A1C756038}"
EndProject
Project("{FAE04EC0-301F-11D3-BF4B-00C04F79EFBC}") = "Cargo.DataAccessLayer", "Services\Cargo\Cargo.DataAccessLayer\Cargo.DataAccessLayer.csproj", "{7B451EF4-17FB-4CD3-8C91-5B06D8EE64CB}"
EndProject
Project("{FAE04EC0-301F-11D3-BF4B-00C04F79EFBC}") = "Cargo.DTO", "Services\Cargo\Cargo.DTO\Cargo.DTO.csproj", "{6EF19916-BEB4-4E69-835E-4C0CCC184235}"
EndProject
Project("{FAE04EC0-301F-11D3-BF4B-00C04F79EFBC}") = "Cargo.WebApi", "Services\Cargo\Cargo.WebApi\Cargo.WebApi.csproj", "{40DE5C6B-C53A-4EAA-903C-7645AA89A7F5}"
EndProject
Project("{2150E333-8FDC-42A3-9474-1A3956D46DE8}") = "Basket", "Basket", "{05AAD345-5B29-414B-A17C-89E58F5D3DBF}"
EndProject
Project("{FAE04EC0-301F-11D3-BF4B-00C04F79EFBC}") = "Basket.WebApi", "Services\Basket\Basket.WebApi\Basket.WebApi.csproj", "{6A3401AF-555F-4538-9718-D1BEB5AC3CD7}"
EndProject
Project("{2150E333-8FDC-42A3-9474-1A3956D46DE8}") = "Frontends", "Frontends", "{B9E1036D-7A43-4D9A-8ABA-1B3395E66516}"
EndProject
Project("{FAE04EC0-301F-11D3-BF4B-00C04F79EFBC}") = "MShop.WebUI", "Frontends\MShop.WebUI\MShop.WebUI.csproj", "{3813570B-C2F7-4F07-A2D8-43FC6FB0E441}"
EndProject
Project("{FAE04EC0-301F-11D3-BF4B-00C04F79EFBC}") = "Frontends.DTO", "Frontends\Frontends.DTO\Frontends.DTO.csproj", "{3353D891-2F38-4656-948C-C220FBD397F3}"
EndProject
Project("{2150E333-8FDC-42A3-9474-1A3956D46DE8}") = "Comment", "Comment", "{56752C48-69BD-439A-BF3A-F0CE85F01768}"
EndProject
Project("{FAE04EC0-301F-11D3-BF4B-00C04F79EFBC}") = "Comment.Api", "Services\Comment\Comment.Api\Comment.Api.csproj", "{2A5566DB-CB14-439F-8563-182F4983AEB5}"
EndProject
Project("{2150E333-8FDC-42A3-9474-1A3956D46DE8}") = "ApiGateWay", "ApiGateWay", "{4EC7A344-5EF6-408A-B798-7875900BBDE8}"
EndProject
Project("{2150E333-8FDC-42A3-9474-1A3956D46DE8}") = "RapidApi", "RapidApi", "{09341FF5-1C8C-42F7-B32F-9F2D7465AA7C}"
EndProject
Project("{FAE04EC0-301F-11D3-BF4B-00C04F79EFBC}") = "OcelotGateway", "ApiGateway\OcelotGateway\OcelotGateway.csproj", "{8340431E-2D23-4CF6-AC29-E9489CBCD5E8}"
EndProject
Project("{2150E333-8FDC-42A3-9474-1A3956D46DE8}") = "Payment", "Payment", "{D162EE0C-ACC2-4A8D-8534-9F1B8A211CE2}"
EndProject
Project("{FAE04EC0-301F-11D3-BF4B-00C04F79EFBC}") = "MsPayment", "Payment\MsPayment\MsPayment.csproj", "{78ED3C96-D15B-4C49-AD6E-5C07CC607ECF}"
EndProject
Project("{2150E333-8FDC-42A3-9474-1A3956D46DE8}") = "Images", "Images", "{0D494C55-B415-4675-86B3-CE82645DC9D0}"
EndProject
Project("{FAE04EC0-301F-11D3-BF4B-00C04F79EFBC}") = "MsImages", "Images\MsImages\MsImages.csproj", "{BCCA0F5A-54E3-45DB-A683-8713F081B498}"
EndProject
Global
	GlobalSection(SolutionConfigurationPlatforms) = preSolution
		Debug|Any CPU = Debug|Any CPU
		Release|Any CPU = Release|Any CPU
	EndGlobalSection
	GlobalSection(ProjectConfigurationPlatforms) = postSolution
		{1A79B559-5337-429B-93CD-165AC8257D16}.Debug|Any CPU.ActiveCfg = Debug|Any CPU
		{1A79B559-5337-429B-93CD-165AC8257D16}.Debug|Any CPU.Build.0 = Debug|Any CPU
		{1A79B559-5337-429B-93CD-165AC8257D16}.Release|Any CPU.ActiveCfg = Release|Any CPU
		{1A79B559-5337-429B-93CD-165AC8257D16}.Release|Any CPU.Build.0 = Release|Any CPU
		{EA28FAC7-FA68-482E-92C7-664E24352E5E}.Debug|Any CPU.ActiveCfg = Debug|Any CPU
		{EA28FAC7-FA68-482E-92C7-664E24352E5E}.Debug|Any CPU.Build.0 = Debug|Any CPU
		{EA28FAC7-FA68-482E-92C7-664E24352E5E}.Release|Any CPU.ActiveCfg = Release|Any CPU
		{EA28FAC7-FA68-482E-92C7-664E24352E5E}.Release|Any CPU.Build.0 = Release|Any CPU
		{D65567BF-0E65-4A40-95CD-F1A3B83218E7}.Debug|Any CPU.ActiveCfg = Debug|Any CPU
		{D65567BF-0E65-4A40-95CD-F1A3B83218E7}.Debug|Any CPU.Build.0 = Debug|Any CPU
		{D65567BF-0E65-4A40-95CD-F1A3B83218E7}.Release|Any CPU.ActiveCfg = Release|Any CPU
		{D65567BF-0E65-4A40-95CD-F1A3B83218E7}.Release|Any CPU.Build.0 = Release|Any CPU
		{1A1FCA6B-51AF-4F0C-9ADC-EB64ECA7E526}.Debug|Any CPU.ActiveCfg = Debug|Any CPU
		{1A1FCA6B-51AF-4F0C-9ADC-EB64ECA7E526}.Debug|Any CPU.Build.0 = Debug|Any CPU
		{1A1FCA6B-51AF-4F0C-9ADC-EB64ECA7E526}.Release|Any CPU.ActiveCfg = Release|Any CPU
		{1A1FCA6B-51AF-4F0C-9ADC-EB64ECA7E526}.Release|Any CPU.Build.0 = Release|Any CPU
		{4B0033E6-938B-4403-AEB0-0F5CFC1137A8}.Debug|Any CPU.ActiveCfg = Debug|Any CPU
		{4B0033E6-938B-4403-AEB0-0F5CFC1137A8}.Debug|Any CPU.Build.0 = Debug|Any CPU
		{4B0033E6-938B-4403-AEB0-0F5CFC1137A8}.Release|Any CPU.ActiveCfg = Release|Any CPU
		{4B0033E6-938B-4403-AEB0-0F5CFC1137A8}.Release|Any CPU.Build.0 = Release|Any CPU
		{32F870AF-BEF4-4B46-B248-FCCD34A3E724}.Debug|Any CPU.ActiveCfg = Debug|Any CPU
		{32F870AF-BEF4-4B46-B248-FCCD34A3E724}.Debug|Any CPU.Build.0 = Debug|Any CPU
		{32F870AF-BEF4-4B46-B248-FCCD34A3E724}.Release|Any CPU.ActiveCfg = Release|Any CPU
		{32F870AF-BEF4-4B46-B248-FCCD34A3E724}.Release|Any CPU.Build.0 = Release|Any CPU
		{CB3B1932-3304-0171-D62B-A7E7247BC412}.Debug|Any CPU.ActiveCfg = Debug|Any CPU
		{CB3B1932-3304-0171-D62B-A7E7247BC412}.Debug|Any CPU.Build.0 = Debug|Any CPU
		{CB3B1932-3304-0171-D62B-A7E7247BC412}.Release|Any CPU.ActiveCfg = Release|Any CPU
		{CB3B1932-3304-0171-D62B-A7E7247BC412}.Release|Any CPU.Build.0 = Release|Any CPU
		{0CF689B3-C20C-44B8-AAE1-C66D7C9378A0}.Debug|Any CPU.ActiveCfg = Debug|Any CPU
		{0CF689B3-C20C-44B8-AAE1-C66D7C9378A0}.Debug|Any CPU.Build.0 = Debug|Any CPU
		{0CF689B3-C20C-44B8-AAE1-C66D7C9378A0}.Release|Any CPU.ActiveCfg = Release|Any CPU
		{0CF689B3-C20C-44B8-AAE1-C66D7C9378A0}.Release|Any CPU.Build.0 = Release|Any CPU
		{0824165B-534B-4EAF-A961-2D6A1C756038}.Debug|Any CPU.ActiveCfg = Debug|Any CPU
		{0824165B-534B-4EAF-A961-2D6A1C756038}.Debug|Any CPU.Build.0 = Debug|Any CPU
		{0824165B-534B-4EAF-A961-2D6A1C756038}.Release|Any CPU.ActiveCfg = Release|Any CPU
		{0824165B-534B-4EAF-A961-2D6A1C756038}.Release|Any CPU.Build.0 = Release|Any CPU
		{7B451EF4-17FB-4CD3-8C91-5B06D8EE64CB}.Debug|Any CPU.ActiveCfg = Debug|Any CPU
		{7B451EF4-17FB-4CD3-8C91-5B06D8EE64CB}.Debug|Any CPU.Build.0 = Debug|Any CPU
		{7B451EF4-17FB-4CD3-8C91-5B06D8EE64CB}.Release|Any CPU.ActiveCfg = Release|Any CPU
		{7B451EF4-17FB-4CD3-8C91-5B06D8EE64CB}.Release|Any CPU.Build.0 = Release|Any CPU
		{6EF19916-BEB4-4E69-835E-4C0CCC184235}.Debug|Any CPU.ActiveCfg = Debug|Any CPU
		{6EF19916-BEB4-4E69-835E-4C0CCC184235}.Debug|Any CPU.Build.0 = Debug|Any CPU
		{6EF19916-BEB4-4E69-835E-4C0CCC184235}.Release|Any CPU.ActiveCfg = Release|Any CPU
		{6EF19916-BEB4-4E69-835E-4C0CCC184235}.Release|Any CPU.Build.0 = Release|Any CPU
		{40DE5C6B-C53A-4EAA-903C-7645AA89A7F5}.Debug|Any CPU.ActiveCfg = Debug|Any CPU
		{40DE5C6B-C53A-4EAA-903C-7645AA89A7F5}.Debug|Any CPU.Build.0 = Debug|Any CPU
		{40DE5C6B-C53A-4EAA-903C-7645AA89A7F5}.Release|Any CPU.ActiveCfg = Release|Any CPU
		{40DE5C6B-C53A-4EAA-903C-7645AA89A7F5}.Release|Any CPU.Build.0 = Release|Any CPU
		{6A3401AF-555F-4538-9718-D1BEB5AC3CD7}.Debug|Any CPU.ActiveCfg = Debug|Any CPU
		{6A3401AF-555F-4538-9718-D1BEB5AC3CD7}.Debug|Any CPU.Build.0 = Debug|Any CPU
		{6A3401AF-555F-4538-9718-D1BEB5AC3CD7}.Release|Any CPU.ActiveCfg = Release|Any CPU
		{6A3401AF-555F-4538-9718-D1BEB5AC3CD7}.Release|Any CPU.Build.0 = Release|Any CPU
		{3813570B-C2F7-4F07-A2D8-43FC6FB0E441}.Debug|Any CPU.ActiveCfg = Debug|Any CPU
		{3813570B-C2F7-4F07-A2D8-43FC6FB0E441}.Debug|Any CPU.Build.0 = Debug|Any CPU
		{3813570B-C2F7-4F07-A2D8-43FC6FB0E441}.Release|Any CPU.ActiveCfg = Release|Any CPU
		{3813570B-C2F7-4F07-A2D8-43FC6FB0E441}.Release|Any CPU.Build.0 = Release|Any CPU
		{3353D891-2F38-4656-948C-C220FBD397F3}.Debug|Any CPU.ActiveCfg = Debug|Any CPU
		{3353D891-2F38-4656-948C-C220FBD397F3}.Debug|Any CPU.Build.0 = Debug|Any CPU
		{3353D891-2F38-4656-948C-C220FBD397F3}.Release|Any CPU.ActiveCfg = Release|Any CPU
		{3353D891-2F38-4656-948C-C220FBD397F3}.Release|Any CPU.Build.0 = Release|Any CPU
		{2A5566DB-CB14-439F-8563-182F4983AEB5}.Debug|Any CPU.ActiveCfg = Debug|Any CPU
		{2A5566DB-CB14-439F-8563-182F4983AEB5}.Debug|Any CPU.Build.0 = Debug|Any CPU
		{2A5566DB-CB14-439F-8563-182F4983AEB5}.Release|Any CPU.ActiveCfg = Release|Any CPU
		{2A5566DB-CB14-439F-8563-182F4983AEB5}.Release|Any CPU.Build.0 = Release|Any CPU
		{8340431E-2D23-4CF6-AC29-E9489CBCD5E8}.Debug|Any CPU.ActiveCfg = Debug|Any CPU
		{8340431E-2D23-4CF6-AC29-E9489CBCD5E8}.Debug|Any CPU.Build.0 = Debug|Any CPU
		{8340431E-2D23-4CF6-AC29-E9489CBCD5E8}.Release|Any CPU.ActiveCfg = Release|Any CPU
		{8340431E-2D23-4CF6-AC29-E9489CBCD5E8}.Release|Any CPU.Build.0 = Release|Any CPU
		{78ED3C96-D15B-4C49-AD6E-5C07CC607ECF}.Debug|Any CPU.ActiveCfg = Debug|Any CPU
		{78ED3C96-D15B-4C49-AD6E-5C07CC607ECF}.Debug|Any CPU.Build.0 = Debug|Any CPU
		{78ED3C96-D15B-4C49-AD6E-5C07CC607ECF}.Release|Any CPU.ActiveCfg = Release|Any CPU
		{78ED3C96-D15B-4C49-AD6E-5C07CC607ECF}.Release|Any CPU.Build.0 = Release|Any CPU
		{BCCA0F5A-54E3-45DB-A683-8713F081B498}.Debug|Any CPU.ActiveCfg = Debug|Any CPU
		{BCCA0F5A-54E3-45DB-A683-8713F081B498}.Debug|Any CPU.Build.0 = Debug|Any CPU
		{BCCA0F5A-54E3-45DB-A683-8713F081B498}.Release|Any CPU.ActiveCfg = Release|Any CPU
		{BCCA0F5A-54E3-45DB-A683-8713F081B498}.Release|Any CPU.Build.0 = Release|Any CPU
	EndGlobalSection
	GlobalSection(SolutionProperties) = preSolution
		HideSolutionNode = FALSE
	EndGlobalSection
	GlobalSection(NestedProjects) = preSolution
		{70E774E2-5851-4C2A-9D8A-953444A33DC8} = {02EA681E-C7D8-13C7-8484-4AC65E1B71E8}
		{1A79B559-5337-429B-93CD-165AC8257D16} = {70E774E2-5851-4C2A-9D8A-953444A33DC8}
		{4E2720B3-1887-4A30-8844-6F17A1972861} = {02EA681E-C7D8-13C7-8484-4AC65E1B71E8}
		{EA28FAC7-FA68-482E-92C7-664E24352E5E} = {4E2720B3-1887-4A30-8844-6F17A1972861}
		{3FA12D67-B772-4718-80D5-9F0AC4F1CA50} = {02EA681E-C7D8-13C7-8484-4AC65E1B71E8}
		{C184229D-5540-47CC-9FF7-655A7F80E5B7} = {3FA12D67-B772-4718-80D5-9F0AC4F1CA50}
		{C7896D9D-580E-424F-9894-FC0EEE9AA739} = {3FA12D67-B772-4718-80D5-9F0AC4F1CA50}
		{D9E77D23-F432-4BA0-B133-5DD39C960B1B} = {3FA12D67-B772-4718-80D5-9F0AC4F1CA50}
		{D65567BF-0E65-4A40-95CD-F1A3B83218E7} = {C184229D-5540-47CC-9FF7-655A7F80E5B7}
		{1A1FCA6B-51AF-4F0C-9ADC-EB64ECA7E526} = {C184229D-5540-47CC-9FF7-655A7F80E5B7}
		{4B0033E6-938B-4403-AEB0-0F5CFC1137A8} = {C7896D9D-580E-424F-9894-FC0EEE9AA739}
		{32F870AF-BEF4-4B46-B248-FCCD34A3E724} = {D9E77D23-F432-4BA0-B133-5DD39C960B1B}
		{CB3B1932-3304-0171-D62B-A7E7247BC412} = {1E274B2A-302B-464C-B462-EDA3C766273A}
		{ACA85718-B4A3-483E-8EE0-F6DB031E8D03} = {02EA681E-C7D8-13C7-8484-4AC65E1B71E8}
		{0CF689B3-C20C-44B8-AAE1-C66D7C9378A0} = {ACA85718-B4A3-483E-8EE0-F6DB031E8D03}
		{0824165B-534B-4EAF-A961-2D6A1C756038} = {ACA85718-B4A3-483E-8EE0-F6DB031E8D03}
		{7B451EF4-17FB-4CD3-8C91-5B06D8EE64CB} = {ACA85718-B4A3-483E-8EE0-F6DB031E8D03}
		{6EF19916-BEB4-4E69-835E-4C0CCC184235} = {ACA85718-B4A3-483E-8EE0-F6DB031E8D03}
		{40DE5C6B-C53A-4EAA-903C-7645AA89A7F5} = {ACA85718-B4A3-483E-8EE0-F6DB031E8D03}
		{05AAD345-5B29-414B-A17C-89E58F5D3DBF} = {02EA681E-C7D8-13C7-8484-4AC65E1B71E8}
		{6A3401AF-555F-4538-9718-D1BEB5AC3CD7} = {05AAD345-5B29-414B-A17C-89E58F5D3DBF}
		{3813570B-C2F7-4F07-A2D8-43FC6FB0E441} = {B9E1036D-7A43-4D9A-8ABA-1B3395E66516}
		{3353D891-2F38-4656-948C-C220FBD397F3} = {B9E1036D-7A43-4D9A-8ABA-1B3395E66516}
		{56752C48-69BD-439A-BF3A-F0CE85F01768} = {02EA681E-C7D8-13C7-8484-4AC65E1B71E8}
		{2A5566DB-CB14-439F-8563-182F4983AEB5} = {56752C48-69BD-439A-BF3A-F0CE85F01768}
		{8340431E-2D23-4CF6-AC29-E9489CBCD5E8} = {4EC7A344-5EF6-408A-B798-7875900BBDE8}
		{D162EE0C-ACC2-4A8D-8534-9F1B8A211CE2} = {02EA681E-C7D8-13C7-8484-4AC65E1B71E8}
		{78ED3C96-D15B-4C49-AD6E-5C07CC607ECF} = {D162EE0C-ACC2-4A8D-8534-9F1B8A211CE2}
		{0D494C55-B415-4675-86B3-CE82645DC9D0} = {02EA681E-C7D8-13C7-8484-4AC65E1B71E8}
		{BCCA0F5A-54E3-45DB-A683-8713F081B498} = {0D494C55-B415-4675-86B3-CE82645DC9D0}
	EndGlobalSection
	GlobalSection(ExtensibilityGlobals) = postSolution
		SolutionGuid = {1078374D-C5B2-4B0A-98ED-3280EB55802C}
	EndGlobalSection
EndGlobal
